
Microsoft Visual Studio Solution File, Format Version 12.00
# Visual Studio 15
VisualStudioVersion = 15.0.27130.2010
MinimumVisualStudioVersion = 10.0.40219.1
Project("{FAE04EC0-301F-11D3-BF4B-00C04F79EFBC}") = "ViewState", "ViewState\ViewState.csproj", "{F24E5612-3B5F-4A9F-89A7-A6CD6C831C05}"
EndProject
Project("{FAE04EC0-301F-11D3-BF4B-00C04F79EFBC}") = "ViewState.Tests", "ViewState.Tests\ViewState.Tests.csproj", "{69B9BCB3-C796-4F54-910F-88D388A6ADE2}"
EndProject
Global
	GlobalSection(SolutionConfigurationPlatforms) = preSolution
		Debug|Any CPU = Debug|Any CPU
		Release|Any CPU = Release|Any CPU
	EndGlobalSection
	GlobalSection(ProjectConfigurationPlatforms) = postSolution
		{F24E5612-3B5F-4A9F-89A7-A6CD6C831C05}.Debug|Any CPU.ActiveCfg = Debug|Any CPU
		{F24E5612-3B5F-4A9F-89A7-A6CD6C831C05}.Debug|Any CPU.Build.0 = Debug|Any CPU
		{F24E5612-3B5F-4A9F-89A7-A6CD6C831C05}.Release|Any CPU.ActiveCfg = Release|Any CPU
		{F24E5612-3B5F-4A9F-89A7-A6CD6C831C05}.Release|Any CPU.Build.0 = Release|Any CPU
		{69B9BCB3-C796-4F54-910F-88D388A6ADE2}.Debug|Any CPU.ActiveCfg = Debug|Any CPU
		{69B9BCB3-C796-4F54-910F-88D388A6ADE2}.Debug|Any CPU.Build.0 = Debug|Any CPU
		{69B9BCB3-C796-4F54-910F-88D388A6ADE2}.Release|Any CPU.ActiveCfg = Release|Any CPU
		{69B9BCB3-C796-4F54-910F-88D388A6ADE2}.Release|Any CPU.Build.0 = Release|Any CPU
	EndGlobalSection
	GlobalSection(SolutionProperties) = preSolution
		HideSolutionNode = FALSE
	EndGlobalSection
	GlobalSection(ExtensibilityGlobals) = postSolution
		SolutionGuid = {E4A77603-BF16-4DF5-8C22-EA4A85F8EA57}
	EndGlobalSection
EndGlobal
